
Microsoft Visual Studio Solution File, Format Version 12.00
# Visual Studio 15
VisualStudioVersion = 15.0.27130.2010
MinimumVisualStudioVersion = 10.0.40219.1
Project("{F184B08F-C81C-45F6-A57F-5ABD9991F28F}") = "WindowsApp1", "WindowsApp1\WindowsApp1.vbproj", "{EB26CA9B-9689-4C2A-8181-2F8920F89D97}"
EndProject
Global
	GlobalSection(SolutionConfigurationPlatforms) = preSolution
		Debug|Any CPU = Debug|Any CPU
		Release|Any CPU = Release|Any CPU
	EndGlobalSection
	GlobalSection(ProjectConfigurationPlatforms) = postSolution
		{EB26CA9B-9689-4C2A-8181-2F8920F89D97}.Debug|Any CPU.ActiveCfg = Debug|Any CPU
		{EB26CA9B-9689-4C2A-8181-2F8920F89D97}.Debug|Any CPU.Build.0 = Debug|Any CPU
		{EB26CA9B-9689-4C2A-8181-2F8920F89D97}.Release|Any CPU.ActiveCfg = Release|Any CPU
		{EB26CA9B-9689-4C2A-8181-2F8920F89D97}.Release|Any CPU.Build.0 = Release|Any CPU
	EndGlobalSection
	GlobalSection(SolutionProperties) = preSolution
		HideSolutionNode = FALSE
	EndGlobalSection
	GlobalSection(ExtensibilityGlobals) = postSolution
		SolutionGuid = {3B73A9DE-9BCF-4DD9-B0FC-C58CFE0218BA}
	EndGlobalSection
EndGlobal
